
Microsoft Visual Studio Solution File, Format Version 12.00
# Visual Studio Version 16
VisualStudioVersion = 16.0.30413.136
MinimumVisualStudioVersion = 10.0.40219.1
Project("{FAE04EC0-301F-11D3-BF4B-00C04F79EFBC}") = "WebApp", "WebApp\WebApp.csproj", "{5543E5F7-DFFF-458D-834F-AFE05CEF80BD}"
EndProject
Global
	GlobalSection(SolutionConfigurationPlatforms) = preSolution
		Debug|Any CPU = Debug|Any CPU
		Release|Any CPU = Release|Any CPU
	EndGlobalSection
	GlobalSection(ProjectConfigurationPlatforms) = postSolution
		{5543E5F7-DFFF-458D-834F-AFE05CEF80BD}.Debug|Any CPU.ActiveCfg = Debug|Any CPU
		{5543E5F7-DFFF-458D-834F-AFE05CEF80BD}.Debug|Any CPU.Build.0 = Debug|Any CPU
		{5543E5F7-DFFF-458D-834F-AFE05CEF80BD}.Release|Any CPU.ActiveCfg = Release|Any CPU
		{5543E5F7-DFFF-458D-834F-AFE05CEF80BD}.Release|Any CPU.Build.0 = Release|Any CPU
	EndGlobalSection
	GlobalSection(SolutionProperties) = preSolution
		HideSolutionNode = FALSE
	EndGlobalSection
	GlobalSection(ExtensibilityGlobals) = postSolution
		SolutionGuid = {14BB8F6A-1F52-4D9C-AA87-7E6A78F64A99}
	EndGlobalSection
EndGlobal
